
Microsoft Visual Studio Solution File, Format Version 12.00
# Visual Studio Version 17
VisualStudioVersion = 17.0.31903.59
MinimumVisualStudioVersion = 10.0.40219.1
Project("{FAE04EC0-301F-11D3-BF4B-00C04F79EFBC}") = "MeuDiarioSENAC", "MeuDiarioSENAC.ConsoleApp\MeuDiarioSENAC.csproj", "{B6105113-FC2D-4D3B-8755-E4AE6C78C769}"
EndProject
Project("{FAE04EC0-301F-11D3-BF4B-00C04F79EFBC}") = "MeuDiarioSENAC.Data", "MeuDiarioSENAC.Data\MeuDiarioSENAC.data.csproj", "{74A5B0B3-93EA-4F19-AFC2-BB6E7A0EF507}"
EndProject
Project("{2150E333-8FDC-42A3-9474-1A3956D46DE8}") = "back", "back", "{11BF4459-C332-B9BD-164A-F44681F2EC0B}"
EndProject
Global
	GlobalSection(SolutionConfigurationPlatforms) = preSolution
		Debug|Any CPU = Debug|Any CPU
		Debug|x64 = Debug|x64
		Debug|x86 = Debug|x86
		Release|Any CPU = Release|Any CPU
		Release|x64 = Release|x64
		Release|x86 = Release|x86
	EndGlobalSection
	GlobalSection(ProjectConfigurationPlatforms) = postSolution
		{B6105113-FC2D-4D3B-8755-E4AE6C78C769}.Debug|Any CPU.ActiveCfg = Debug|Any CPU
		{B6105113-FC2D-4D3B-8755-E4AE6C78C769}.Debug|Any CPU.Build.0 = Debug|Any CPU
		{B6105113-FC2D-4D3B-8755-E4AE6C78C769}.Debug|x64.ActiveCfg = Debug|Any CPU
		{B6105113-FC2D-4D3B-8755-E4AE6C78C769}.Debug|x64.Build.0 = Debug|Any CPU
		{B6105113-FC2D-4D3B-8755-E4AE6C78C769}.Debug|x86.ActiveCfg = Debug|Any CPU
		{B6105113-FC2D-4D3B-8755-E4AE6C78C769}.Debug|x86.Build.0 = Debug|Any CPU
		{B6105113-FC2D-4D3B-8755-E4AE6C78C769}.Release|Any CPU.ActiveCfg = Release|Any CPU
		{B6105113-FC2D-4D3B-8755-E4AE6C78C769}.Release|Any CPU.Build.0 = Release|Any CPU
		{B6105113-FC2D-4D3B-8755-E4AE6C78C769}.Release|x64.ActiveCfg = Release|Any CPU
		{B6105113-FC2D-4D3B-8755-E4AE6C78C769}.Release|x64.Build.0 = Release|Any CPU
		{B6105113-FC2D-4D3B-8755-E4AE6C78C769}.Release|x86.ActiveCfg = Release|Any CPU
		{B6105113-FC2D-4D3B-8755-E4AE6C78C769}.Release|x86.Build.0 = Release|Any CPU
		{74A5B0B3-93EA-4F19-AFC2-BB6E7A0EF507}.Debug|Any CPU.ActiveCfg = Debug|Any CPU
		{74A5B0B3-93EA-4F19-AFC2-BB6E7A0EF507}.Debug|Any CPU.Build.0 = Debug|Any CPU
		{74A5B0B3-93EA-4F19-AFC2-BB6E7A0EF507}.Debug|x64.ActiveCfg = Debug|Any CPU
		{74A5B0B3-93EA-4F19-AFC2-BB6E7A0EF507}.Debug|x64.Build.0 = Debug|Any CPU
		{74A5B0B3-93EA-4F19-AFC2-BB6E7A0EF507}.Debug|x86.ActiveCfg = Debug|Any CPU
		{74A5B0B3-93EA-4F19-AFC2-BB6E7A0EF507}.Debug|x86.Build.0 = Debug|Any CPU
		{74A5B0B3-93EA-4F19-AFC2-BB6E7A0EF507}.Release|Any CPU.ActiveCfg = Release|Any CPU
		{74A5B0B3-93EA-4F19-AFC2-BB6E7A0EF507}.Release|Any CPU.Build.0 = Release|Any CPU
		{74A5B0B3-93EA-4F19-AFC2-BB6E7A0EF507}.Release|x64.ActiveCfg = Release|Any CPU
		{74A5B0B3-93EA-4F19-AFC2-BB6E7A0EF507}.Release|x64.Build.0 = Release|Any CPU
		{74A5B0B3-93EA-4F19-AFC2-BB6E7A0EF507}.Release|x86.ActiveCfg = Release|Any CPU
		{74A5B0B3-93EA-4F19-AFC2-BB6E7A0EF507}.Release|x86.Build.0 = Release|Any CPU
	EndGlobalSection
	GlobalSection(SolutionProperties) = preSolution
		HideSolutionNode = FALSE
	EndGlobalSection
EndGlobal
